
Microsoft Visual Studio Solution File, Format Version 12.00
# Visual Studio Version 17
VisualStudioVersion = 17.3.32901.215
MinimumVisualStudioVersion = 10.0.40219.1
Project("{FAE04EC0-301F-11D3-BF4B-00C04F79EFBC}") = "Logindb", "Logindb\Logindb.csproj", "{13888964-D146-496F-A856-C2009E9567BB}"
EndProject
Global
	GlobalSection(SolutionConfigurationPlatforms) = preSolution
		Debug|Any CPU = Debug|Any CPU
		Release|Any CPU = Release|Any CPU
	EndGlobalSection
	GlobalSection(ProjectConfigurationPlatforms) = postSolution
		{13888964-D146-496F-A856-C2009E9567BB}.Debug|Any CPU.ActiveCfg = Debug|Any CPU
		{13888964-D146-496F-A856-C2009E9567BB}.Debug|Any CPU.Build.0 = Debug|Any CPU
		{13888964-D146-496F-A856-C2009E9567BB}.Release|Any CPU.ActiveCfg = Release|Any CPU
		{13888964-D146-496F-A856-C2009E9567BB}.Release|Any CPU.Build.0 = Release|Any CPU
	EndGlobalSection
	GlobalSection(SolutionProperties) = preSolution
		HideSolutionNode = FALSE
	EndGlobalSection
	GlobalSection(ExtensibilityGlobals) = postSolution
		SolutionGuid = {105BB6B9-F0CD-4E6A-9D4C-564A30EB8D3A}
	EndGlobalSection
EndGlobal
